
Microsoft Visual Studio Solution File, Format Version 12.00
# Visual Studio Version 17
VisualStudioVersion = 17.12.35707.178 d17.12
MinimumVisualStudioVersion = 10.0.40219.1
Project("{FAE04EC0-301F-11D3-BF4B-00C04F79EFBC}") = "MES", "MES\MES.csproj", "{8087309B-DED5-4ED2-A3F1-F66A240307E9}"
EndProject
Project("{FAE04EC0-301F-11D3-BF4B-00C04F79EFBC}") = "PLC", "PLC\PLC.csproj", "{60BFD4A2-71F7-4FA4-B79A-1852F51E31C2}"
EndProject
Project("{FAE04EC0-301F-11D3-BF4B-00C04F79EFBC}") = "Common", "Common\Common.csproj", "{BDC703BA-552F-4129-9AE3-93C6DCFBACA8}"
EndProject
Global
	GlobalSection(SolutionConfigurationPlatforms) = preSolution
		Debug|Any CPU = Debug|Any CPU
		Release|Any CPU = Release|Any CPU
	EndGlobalSection
	GlobalSection(ProjectConfigurationPlatforms) = postSolution
		{8087309B-DED5-4ED2-A3F1-F66A240307E9}.Debug|Any CPU.ActiveCfg = Debug|Any CPU
		{8087309B-DED5-4ED2-A3F1-F66A240307E9}.Debug|Any CPU.Build.0 = Debug|Any CPU
		{8087309B-DED5-4ED2-A3F1-F66A240307E9}.Release|Any CPU.ActiveCfg = Release|Any CPU
		{8087309B-DED5-4ED2-A3F1-F66A240307E9}.Release|Any CPU.Build.0 = Release|Any CPU
		{60BFD4A2-71F7-4FA4-B79A-1852F51E31C2}.Debug|Any CPU.ActiveCfg = Debug|Any CPU
		{60BFD4A2-71F7-4FA4-B79A-1852F51E31C2}.Debug|Any CPU.Build.0 = Debug|Any CPU
		{60BFD4A2-71F7-4FA4-B79A-1852F51E31C2}.Release|Any CPU.ActiveCfg = Release|Any CPU
		{60BFD4A2-71F7-4FA4-B79A-1852F51E31C2}.Release|Any CPU.Build.0 = Release|Any CPU
		{BDC703BA-552F-4129-9AE3-93C6DCFBACA8}.Debug|Any CPU.ActiveCfg = Debug|Any CPU
		{BDC703BA-552F-4129-9AE3-93C6DCFBACA8}.Debug|Any CPU.Build.0 = Debug|Any CPU
		{BDC703BA-552F-4129-9AE3-93C6DCFBACA8}.Release|Any CPU.ActiveCfg = Release|Any CPU
		{BDC703BA-552F-4129-9AE3-93C6DCFBACA8}.Release|Any CPU.Build.0 = Release|Any CPU
	EndGlobalSection
	GlobalSection(SolutionProperties) = preSolution
		HideSolutionNode = FALSE
	EndGlobalSection
EndGlobal
